PODS:
  - Alamofire (4.9.1)
  - BinanceChainKit.swift (0.3):
    - Alamofire (~> 4.0)
    - GRDB.swift (~> 4.0)
    - HdWalletKit.swift (~> 1.4)
    - OpenSslKit.swift (~> 1.0)
    - RxSwift (~> 5.0)
    - Secp256k1Kit.swift (~> 1.0)
    - SwiftProtobuf (~> 1.6)
    - SwiftyJSON (~> 4.3)
  - GRDB.swift (4.6.2):
    - GRDB.swift/standard (= 4.6.2)
  - GRDB.swift/standard (4.6.2)
  - HdWalletKit.swift (1.4):
    - OpenSslKit.swift (~> 1.0)
    - Secp256k1Kit.swift (~> 1.0)
  - OpenSslKit.swift (1.0)
  - RxSwift (5.0.1)
  - Secp256k1Kit.swift (1.0)
  - SwiftProtobuf (1.7.0)
  - SwiftyJSON (4.3.0)

DEPENDENCIES:
  - BinanceChainKit.swift (from `../`)

SPEC REPOS:
  trunk:
    - Alamofire
    - GRDB.swift
    - HdWalletKit.swift
    - OpenSslKit.swift
    - RxSwift
    - Secp256k1Kit.swift
    - SwiftProtobuf
    - SwiftyJSON

EXTERNAL SOURCES:
  BinanceChainKit.swift:
    :path: "../"

SPEC CHECKSUMS:
  Alamofire: 85e8a02c69d6020a0d734f6054870d7ecb75cf18
  BinanceChainKit.swift: c9ff25cd635d5487c7788a18a6a2545d8f1cf760
  GRDB.swift: 258520e10b49ff55307cbb0bec701af0742ae621
  HdWalletKit.swift: 45af883b0aa722a56ed9a0de82121ba6c43cce3f
  OpenSslKit.swift: 6e699e0d69fae6b306eaca0b8971c59bc45546ab
  RxSwift: e2dc62b366a3adf6a0be44ba9f405efd4c94e0c4
  Secp256k1Kit.swift: 93b1bfbb8909c12605666cc3b1e59d1d1fde7322
  SwiftProtobuf: 4fd9645e69b72cbae6ec8da5be0cdd20ca6565dd
  SwiftyJSON: 6faa0040f8b59dead0ee07436cbf76b73c08fd08

PODFILE CHECKSUM: 2a5bf63343ae72af729e68f1efbca4fff887835c

COCOAPODS: 1.8.4
