PODS:
  - Alamofire (4.8.2)
  - GRDB.swift (4.1.1):
    - GRDB.swift/standard (= 4.1.1)
  - GRDB.swift/standard (4.1.1)
  - HSCryptoKit (1.5.0)
  - HSHDWalletKit (1.1.1):
    - HSCryptoKit (~> 1)
  - RxSwift (5.0.0)
  - SwiftProtobuf (1.6.0)
  - SwiftyJSON (4.3.0)

DEPENDENCIES:
  - Alamofire (~> 4.0)
  - GRDB.swift (~> 4.0)
  - HSCryptoKit (~> 1.5)
  - HSHDWalletKit (~> 1.1)
  - RxSwift
  - SwiftProtobuf
  - SwiftyJSON (~> 4.3)

SPEC REPOS:
  https://github.com/cocoapods/specs.git:
    - Alamofire
    - GRDB.swift
    - HSCryptoKit
    - HSHDWalletKit
    - RxSwift
    - SwiftProtobuf
    - SwiftyJSON

SPEC CHECKSUMS:
  Alamofire: ae5c501addb7afdbb13687d7f2f722c78734c2d3
  GRDB.swift: 99b10e1afa666ff024d76e38b37fefd34b57def4
  HSCryptoKit: 514a3111fd37ad18b7261d4a55271daaba3b0eb9
  HSHDWalletKit: 25d2eb6bc00b3c8728fa3eca07258142013a5a87
  RxSwift: 8b0671caa829a763bbce7271095859121cbd895f
  SwiftProtobuf: e905ca1366405696411aaf174411c4b19c0ef73d
  SwiftyJSON: 6faa0040f8b59dead0ee07436cbf76b73c08fd08

PODFILE CHECKSUM: 0651803a19cfd3ef96449d1879699e3b9913bd9e

COCOAPODS: 1.7.5
