// !$*UTF8*$!
{
	archiveVersion = 1;
	classes = {
	};
	objectVersion = 51;
	objects = {

/* Begin PBXBuildFile section */
		2FA5D46E650525818999F3AF /* TransactionRecord.swift in Sources */ = {isa = PBXBuildFile; fileRef = 2FA5D88CEC870CF567AE9012 /* TransactionRecord.swift */; };
		63BA16F95E19E79C70350F8D /* Pods_BinanceChainKitDemo.framework in Frameworks */ = {isa = PBXBuildFile; fileRef = 7DBD3AA708C5FC5DE14BD893 /* Pods_BinanceChainKitDemo.framework */; };
		D01E2F8E22EEE84C001B98B8 /* AppDelegate.swift in Sources */ = {isa = PBXBuildFile; fileRef = D01E2F8D22EEE84C001B98B8 /* AppDelegate.swift */; };
		D01E2F9022EEE84C001B98B8 /* ViewController.swift in Sources */ = {isa = PBXBuildFile; fileRef = D01E2F8F22EEE84C001B98B8 /* ViewController.swift */; };
		D01E2F9522EEE84C001B98B8 /* Assets.xcassets in Resources */ = {isa = PBXBuildFile; fileRef = D01E2F9422EEE84C001B98B8 /* Assets.xcassets */; };
		D01E2F9822EEE84C001B98B8 /* LaunchScreen.storyboard in Resources */ = {isa = PBXBuildFile; fileRef = D01E2F9622EEE84C001B98B8 /* LaunchScreen.storyboard */; };
		D0AA7CDE22F0047C00B7D69E /* Configuration.swift in Sources */ = {isa = PBXBuildFile; fileRef = D0AA7CC922F0047C00B7D69E /* Configuration.swift */; };
		D0AA7CDF22F0047C00B7D69E /* SendController.xib in Resources */ = {isa = PBXBuildFile; fileRef = D0AA7CCB22F0047C00B7D69E /* SendController.xib */; };
		D0AA7CE022F0047C00B7D69E /* BalanceController.swift in Sources */ = {isa = PBXBuildFile; fileRef = D0AA7CCC22F0047C00B7D69E /* BalanceController.swift */; };
		D0AA7CE122F0047C00B7D69E /* TransactionCell.xib in Resources */ = {isa = PBXBuildFile; fileRef = D0AA7CCE22F0047C00B7D69E /* TransactionCell.xib */; };
		D0AA7CE222F0047C00B7D69E /* TransactionCell.swift in Sources */ = {isa = PBXBuildFile; fileRef = D0AA7CCF22F0047C00B7D69E /* TransactionCell.swift */; };
		D0AA7CE322F0047C00B7D69E /* BalanceCell.swift in Sources */ = {isa = PBXBuildFile; fileRef = D0AA7CD022F0047C00B7D69E /* BalanceCell.swift */; };
		D0AA7CE422F0047C00B7D69E /* BalanceCell.xib in Resources */ = {isa = PBXBuildFile; fileRef = D0AA7CD122F0047C00B7D69E /* BalanceCell.xib */; };
		D0AA7CE522F0047C00B7D69E /* ReceiveController.swift in Sources */ = {isa = PBXBuildFile; fileRef = D0AA7CD222F0047C00B7D69E /* ReceiveController.swift */; };
		D0AA7CE722F0047C00B7D69E /* LoginController.swift in Sources */ = {isa = PBXBuildFile; fileRef = D0AA7CD422F0047C00B7D69E /* LoginController.swift */; };
		D0AA7CE822F0047C00B7D69E /* MainController.swift in Sources */ = {isa = PBXBuildFile; fileRef = D0AA7CD522F0047C00B7D69E /* MainController.swift */; };
		D0AA7CE922F0047C00B7D69E /* TransactionsController.swift in Sources */ = {isa = PBXBuildFile; fileRef = D0AA7CD622F0047C00B7D69E /* TransactionsController.swift */; };
		D0AA7CEA22F0047C00B7D69E /* SendController.swift in Sources */ = {isa = PBXBuildFile; fileRef = D0AA7CD722F0047C00B7D69E /* SendController.swift */; };
		D0AA7CEB22F0047C00B7D69E /* ReceiveController.xib in Resources */ = {isa = PBXBuildFile; fileRef = D0AA7CD822F0047C00B7D69E /* ReceiveController.xib */; };
		D0AA7CEC22F0047C00B7D69E /* Manager.swift in Sources */ = {isa = PBXBuildFile; fileRef = D0AA7CDA22F0047C00B7D69E /* Manager.swift */; };
		D0AA7CED22F0047C00B7D69E /* Signal.swift in Sources */ = {isa = PBXBuildFile; fileRef = D0AA7CDB22F0047C00B7D69E /* Signal.swift */; };
		D0AA7CEE22F0047C00B7D69E /* BinanceChainAdapter.swift in Sources */ = {isa = PBXBuildFile; fileRef = D0AA7CDD22F0047C00B7D69E /* BinanceChainAdapter.swift */; };
		D0AA7CF022F0085600B7D69E /* LoginController.xib in Resources */ = {isa = PBXBuildFile; fileRef = D0AA7CEF22F0085600B7D69E /* LoginController.xib */; };
		D0AA7CF222F00B1200B7D69E /* BinanceChainKit.framework in Frameworks */ = {isa = PBXBuildFile; fileRef = D0AA7CF122F00B1200B7D69E /* BinanceChainKit.framework */; };
		D0AA7CF322F00B1200B7D69E /* BinanceChainKit.framework in Embed Frameworks */ = {isa = PBXBuildFile; fileRef = D0AA7CF122F00B1200B7D69E /* BinanceChainKit.framework */; settings = {ATTRIBUTES = (CodeSignOnCopy, RemoveHeadersOnCopy, ); }; };
/* End PBXBuildFile section */

/* Begin PBXCopyFilesBuildPhase section */
		D0AA7CF422F00B1200B7D69E /* Embed Frameworks */ = {
			isa = PBXCopyFilesBuildPhase;
			buildActionMask = 2147483647;
			dstPath = "";
			dstSubfolderSpec = 10;
			files = (
				D0AA7CF322F00B1200B7D69E /* BinanceChainKit.framework in Embed Frameworks */,
			);
			name = "Embed Frameworks";
			runOnlyForDeploymentPostprocessing = 0;
		};
/* End PBXCopyFilesBuildPhase section */

/* Begin PBXFileReference section */
		2FA5D88CEC870CF567AE9012 /* TransactionRecord.swift */ = {isa = PBXFileReference; fileEncoding = 4; lastKnownFileType = sourcecode.swift; path = TransactionRecord.swift; sourceTree = "<group>"; };
		7DBD3AA708C5FC5DE14BD893 /* Pods_BinanceChainKitDemo.framework */ = {isa = PBXFileReference; explicitFileType = wrapper.framework; includeInIndex = 0; path = Pods_BinanceChainKitDemo.framework; sourceTree = BUILT_PRODUCTS_DIR; };
		9D0FB13199CCAB783335BE76 /* Pods-BinanceChainKitDemo.debug.xcconfig */ = {isa = PBXFileReference; includeInIndex = 1; lastKnownFileType = text.xcconfig; name = "Pods-BinanceChainKitDemo.debug.xcconfig"; path = "Target Support Files/Pods-BinanceChainKitDemo/Pods-BinanceChainKitDemo.debug.xcconfig"; sourceTree = "<group>"; };
		D01E2F8A22EEE84C001B98B8 /* BinanceChainKitDemo.app */ = {isa = PBXFileReference; explicitFileType = wrapper.application; includeInIndex = 0; path = BinanceChainKitDemo.app; sourceTree = BUILT_PRODUCTS_DIR; };
		D01E2F8D22EEE84C001B98B8 /* AppDelegate.swift */ = {isa = PBXFileReference; lastKnownFileType = sourcecode.swift; path = AppDelegate.swift; sourceTree = "<group>"; };
		D01E2F8F22EEE84C001B98B8 /* ViewController.swift */ = {isa = PBXFileReference; lastKnownFileType = sourcecode.swift; path = ViewController.swift; sourceTree = "<group>"; };
		D01E2F9422EEE84C001B98B8 /* Assets.xcassets */ = {isa = PBXFileReference; lastKnownFileType = folder.assetcatalog; path = Assets.xcassets; sourceTree = "<group>"; };
		D01E2F9722EEE84C001B98B8 /* Base */ = {isa = PBXFileReference; lastKnownFileType = file.storyboard; name = Base; path = Base.lproj/LaunchScreen.storyboard; sourceTree = "<group>"; };
		D0AA7CC922F0047C00B7D69E /* Configuration.swift */ = {isa = PBXFileReference; fileEncoding = 4; lastKnownFileType = sourcecode.swift; path = Configuration.swift; sourceTree = "<group>"; };
		D0AA7CCB22F0047C00B7D69E /* SendController.xib */ = {isa = PBXFileReference; fileEncoding = 4; lastKnownFileType = file.xib; path = SendController.xib; sourceTree = "<group>"; };
		D0AA7CCC22F0047C00B7D69E /* BalanceController.swift */ = {isa = PBXFileReference; fileEncoding = 4; lastKnownFileType = sourcecode.swift; path = BalanceController.swift; sourceTree = "<group>"; };
		D0AA7CCE22F0047C00B7D69E /* TransactionCell.xib */ = {isa = PBXFileReference; fileEncoding = 4; lastKnownFileType = file.xib; path = TransactionCell.xib; sourceTree = "<group>"; };
		D0AA7CCF22F0047C00B7D69E /* TransactionCell.swift */ = {isa = PBXFileReference; fileEncoding = 4; lastKnownFileType = sourcecode.swift; path = TransactionCell.swift; sourceTree = "<group>"; };
		D0AA7CD022F0047C00B7D69E /* BalanceCell.swift */ = {isa = PBXFileReference; fileEncoding = 4; lastKnownFileType = sourcecode.swift; path = BalanceCell.swift; sourceTree = "<group>"; };
		D0AA7CD122F0047C00B7D69E /* BalanceCell.xib */ = {isa = PBXFileReference; fileEncoding = 4; lastKnownFileType = file.xib; path = BalanceCell.xib; sourceTree = "<group>"; };
		D0AA7CD222F0047C00B7D69E /* ReceiveController.swift */ = {isa = PBXFileReference; fileEncoding = 4; lastKnownFileType = sourcecode.swift; path = ReceiveController.swift; sourceTree = "<group>"; };
		D0AA7CD422F0047C00B7D69E /* LoginController.swift */ = {isa = PBXFileReference; fileEncoding = 4; lastKnownFileType = sourcecode.swift; path = LoginController.swift; sourceTree = "<group>"; };
		D0AA7CD522F0047C00B7D69E /* MainController.swift */ = {isa = PBXFileReference; fileEncoding = 4; lastKnownFileType = sourcecode.swift; path = MainController.swift; sourceTree = "<group>"; };
		D0AA7CD622F0047C00B7D69E /* TransactionsController.swift */ = {isa = PBXFileReference; fileEncoding = 4; lastKnownFileType = sourcecode.swift; path = TransactionsController.swift; sourceTree = "<group>"; };
		D0AA7CD722F0047C00B7D69E /* SendController.swift */ = {isa = PBXFileReference; fileEncoding = 4; lastKnownFileType = sourcecode.swift; path = SendController.swift; sourceTree = "<group>"; };
		D0AA7CD822F0047C00B7D69E /* ReceiveController.xib */ = {isa = PBXFileReference; fileEncoding = 4; lastKnownFileType = file.xib; path = ReceiveController.xib; sourceTree = "<group>"; };
		D0AA7CDA22F0047C00B7D69E /* Manager.swift */ = {isa = PBXFileReference; fileEncoding = 4; lastKnownFileType = sourcecode.swift; path = Manager.swift; sourceTree = "<group>"; };
		D0AA7CDB22F0047C00B7D69E /* Signal.swift */ = {isa = PBXFileReference; fileEncoding = 4; lastKnownFileType = sourcecode.swift; path = Signal.swift; sourceTree = "<group>"; };
		D0AA7CDD22F0047C00B7D69E /* BinanceChainAdapter.swift */ = {isa = PBXFileReference; fileEncoding = 4; lastKnownFileType = sourcecode.swift; path = BinanceChainAdapter.swift; sourceTree = "<group>"; };
		D0AA7CEF22F0085600B7D69E /* LoginController.xib */ = {isa = PBXFileReference; fileEncoding = 4; lastKnownFileType = file.xib; path = LoginController.xib; sourceTree = "<group>"; };
		D0AA7CF122F00B1200B7D69E /* BinanceChainKit.framework */ = {isa = PBXFileReference; explicitFileType = wrapper.framework; path = BinanceChainKit.framework; sourceTree = BUILT_PRODUCTS_DIR; };
		D0AA7CF722F00D8C00B7D69E /* Info.plist */ = {isa = PBXFileReference; fileEncoding = 4; lastKnownFileType = text.plist.xml; path = Info.plist; sourceTree = "<group>"; };
		DF5CD640D7B5DD16BA184006 /* Pods-BinanceChainKitDemo.release.xcconfig */ = {isa = PBXFileReference; includeInIndex = 1; lastKnownFileType = text.xcconfig; name = "Pods-BinanceChainKitDemo.release.xcconfig"; path = "Target Support Files/Pods-BinanceChainKitDemo/Pods-BinanceChainKitDemo.release.xcconfig"; sourceTree = "<group>"; };
/* End PBXFileReference section */

/* Begin PBXFrameworksBuildPhase section */
		D01E2F8722EEE84C001B98B8 /* Frameworks */ = {
			isa = PBXFrameworksBuildPhase;
			buildActionMask = 2147483647;
			files = (
				D0AA7CF222F00B1200B7D69E /* BinanceChainKit.framework in Frameworks */,
				63BA16F95E19E79C70350F8D /* Pods_BinanceChainKitDemo.framework in Frameworks */,
			);
			runOnlyForDeploymentPostprocessing = 0;
		};
/* End PBXFrameworksBuildPhase section */

/* Begin PBXGroup section */
		215B006B61D815FE5A308D05 /* Frameworks */ = {
			isa = PBXGroup;
			children = (
				7DBD3AA708C5FC5DE14BD893 /* Pods_BinanceChainKitDemo.framework */,
			);
			name = Frameworks;
			sourceTree = "<group>";
		};
		3FFFC0430F6AEF70CA163A1E /* Pods */ = {
			isa = PBXGroup;
			children = (
				9D0FB13199CCAB783335BE76 /* Pods-BinanceChainKitDemo.debug.xcconfig */,
				DF5CD640D7B5DD16BA184006 /* Pods-BinanceChainKitDemo.release.xcconfig */,
			);
			name = Pods;
			path = ../Pods;
			sourceTree = "<group>";
		};
		D01E2F8122EEE84C001B98B8 = {
			isa = PBXGroup;
			children = (
				D0AA7CF122F00B1200B7D69E /* BinanceChainKit.framework */,
				D01E2F8C22EEE84C001B98B8 /* BinanceChainKitDemo */,
				D01E2F8B22EEE84C001B98B8 /* Products */,
				3FFFC0430F6AEF70CA163A1E /* Pods */,
				215B006B61D815FE5A308D05 /* Frameworks */,
			);
			sourceTree = "<group>";
		};
		D01E2F8B22EEE84C001B98B8 /* Products */ = {
			isa = PBXGroup;
			children = (
				D01E2F8A22EEE84C001B98B8 /* BinanceChainKitDemo.app */,
			);
			name = Products;
			sourceTree = "<group>";
		};
		D01E2F8C22EEE84C001B98B8 /* BinanceChainKitDemo */ = {
			isa = PBXGroup;
			children = (
				D0AA7CDC22F0047C00B7D69E /* Adapters */,
				D0AA7CCA22F0047C00B7D69E /* Controllers */,
				D0AA7CD922F0047C00B7D69E /* Core */,
				D01E2F9422EEE84C001B98B8 /* Assets.xcassets */,
				D01E2F8D22EEE84C001B98B8 /* AppDelegate.swift */,
				D0AA7CC922F0047C00B7D69E /* Configuration.swift */,
				D01E2F8F22EEE84C001B98B8 /* ViewController.swift */,
				D01E2F9622EEE84C001B98B8 /* LaunchScreen.storyboard */,
				D0AA7CF722F00D8C00B7D69E /* Info.plist */,
			);
			path = BinanceChainKitDemo;
			sourceTree = "<group>";
		};
		D0AA7CCA22F0047C00B7D69E /* Controllers */ = {
			isa = PBXGroup;
			children = (
				D0AA7CCD22F0047C00B7D69E /* Cells */,
				D0AA7CCC22F0047C00B7D69E /* BalanceController.swift */,
				D0AA7CD222F0047C00B7D69E /* ReceiveController.swift */,
				D0AA7CD422F0047C00B7D69E /* LoginController.swift */,
				D0AA7CD522F0047C00B7D69E /* MainController.swift */,
				D0AA7CD622F0047C00B7D69E /* TransactionsController.swift */,
				D0AA7CD722F0047C00B7D69E /* SendController.swift */,
				D0AA7CD822F0047C00B7D69E /* ReceiveController.xib */,
				D0AA7CCB22F0047C00B7D69E /* SendController.xib */,
				D0AA7CEF22F0085600B7D69E /* LoginController.xib */,
			);
			path = Controllers;
			sourceTree = "<group>";
		};
		D0AA7CCD22F0047C00B7D69E /* Cells */ = {
			isa = PBXGroup;
			children = (
				D0AA7CCE22F0047C00B7D69E /* TransactionCell.xib */,
				D0AA7CCF22F0047C00B7D69E /* TransactionCell.swift */,
				D0AA7CD022F0047C00B7D69E /* BalanceCell.swift */,
				D0AA7CD122F0047C00B7D69E /* BalanceCell.xib */,
			);
			path = Cells;
			sourceTree = "<group>";
		};
		D0AA7CD922F0047C00B7D69E /* Core */ = {
			isa = PBXGroup;
			children = (
				D0AA7CDA22F0047C00B7D69E /* Manager.swift */,
				D0AA7CDB22F0047C00B7D69E /* Signal.swift */,
				2FA5D88CEC870CF567AE9012 /* TransactionRecord.swift */,
			);
			path = Core;
			sourceTree = "<group>";
		};
		D0AA7CDC22F0047C00B7D69E /* Adapters */ = {
			isa = PBXGroup;
			children = (
				D0AA7CDD22F0047C00B7D69E /* BinanceChainAdapter.swift */,
			);
			path = Adapters;
			sourceTree = "<group>";
		};
/* End PBXGroup section */

/* Begin PBXNativeTarget section */
		D01E2F8922EEE84C001B98B8 /* BinanceChainKitDemo */ = {
			isa = PBXNativeTarget;
			buildConfigurationList = D01E2F9C22EEE84C001B98B8 /* Build configuration list for PBXNativeTarget "BinanceChainKitDemo" */;
			buildPhases = (
				A940CAB05C9AA75E0C620C82 /* [CP] Check Pods Manifest.lock */,
				D01E2F8622EEE84C001B98B8 /* Sources */,
				D01E2F8722EEE84C001B98B8 /* Frameworks */,
				D01E2F8822EEE84C001B98B8 /* Resources */,
				FDC9C18661A39F364E7F746E /* [CP] Embed Pods Frameworks */,
				D0AA7CF422F00B1200B7D69E /* Embed Frameworks */,
			);
			buildRules = (
			);
			dependencies = (
			);
			name = BinanceChainKitDemo;
			productName = BinanceChainKitDemo;
			productReference = D01E2F8A22EEE84C001B98B8 /* BinanceChainKitDemo.app */;
			productType = "com.apple.product-type.application";
		};
/* End PBXNativeTarget section */

/* Begin PBXProject section */
		D01E2F8222EEE84C001B98B8 /* Project object */ = {
			isa = PBXProject;
			attributes = {
				LastSwiftUpdateCheck = 1030;
				LastUpgradeCheck = 1030;
				ORGANIZATIONNAME = "Horizontal Systems";
				TargetAttributes = {
					D01E2F8922EEE84C001B98B8 = {
						CreatedOnToolsVersion = 10.3;
					};
				};
			};
			buildConfigurationList = D01E2F8522EEE84C001B98B8 /* Build configuration list for PBXProject "BinanceChainKitDemo" */;
			compatibilityVersion = "Xcode 9.3";
			developmentRegion = en;
			hasScannedForEncodings = 0;
			knownRegions = (
				en,
				Base,
			);
			mainGroup = D01E2F8122EEE84C001B98B8;
			productRefGroup = D01E2F8B22EEE84C001B98B8 /* Products */;
			projectDirPath = "";
			projectRoot = "";
			targets = (
				D01E2F8922EEE84C001B98B8 /* BinanceChainKitDemo */,
			);
		};
/* End PBXProject section */

/* Begin PBXResourcesBuildPhase section */
		D01E2F8822EEE84C001B98B8 /* Resources */ = {
			isa = PBXResourcesBuildPhase;
			buildActionMask = 2147483647;
			files = (
				D0AA7CE422F0047C00B7D69E /* BalanceCell.xib in Resources */,
				D01E2F9822EEE84C001B98B8 /* LaunchScreen.storyboard in Resources */,
				D0AA7CDF22F0047C00B7D69E /* SendController.xib in Resources */,
				D0AA7CF022F0085600B7D69E /* LoginController.xib in Resources */,
				D01E2F9522EEE84C001B98B8 /* Assets.xcassets in Resources */,
				D0AA7CEB22F0047C00B7D69E /* ReceiveController.xib in Resources */,
				D0AA7CE122F0047C00B7D69E /* TransactionCell.xib in Resources */,
			);
			runOnlyForDeploymentPostprocessing = 0;
		};
/* End PBXResourcesBuildPhase section */

/* Begin PBXShellScriptBuildPhase section */
		A940CAB05C9AA75E0C620C82 /* [CP] Check Pods Manifest.lock */ = {
			isa = PBXShellScriptBuildPhase;
			buildActionMask = 2147483647;
			files = (
			);
			inputFileListPaths = (
			);
			inputPaths = (
				"${PODS_PODFILE_DIR_PATH}/Podfile.lock",
				"${PODS_ROOT}/Manifest.lock",
			);
			name = "[CP] Check Pods Manifest.lock";
			outputFileListPaths = (
			);
			outputPaths = (
				"$(DERIVED_FILE_DIR)/Pods-BinanceChainKitDemo-checkManifestLockResult.txt",
			);
			runOnlyForDeploymentPostprocessing = 0;
			shellPath = /bin/sh;
			shellScript = "diff \"${PODS_PODFILE_DIR_PATH}/Podfile.lock\" \"${PODS_ROOT}/Manifest.lock\" > /dev/null\nif [ $? != 0 ] ; then\n    # print error to STDERR\n    echo \"error: The sandbox is not in sync with the Podfile.lock. Run 'pod install' or update your CocoaPods installation.\" >&2\n    exit 1\nfi\n# This output is used by Xcode 'outputs' to avoid re-running this script phase.\necho \"SUCCESS\" > \"${SCRIPT_OUTPUT_FILE_0}\"\n";
			showEnvVarsInLog = 0;
		};
		FDC9C18661A39F364E7F746E /* [CP] Embed Pods Frameworks */ = {
			isa = PBXShellScriptBuildPhase;
			buildActionMask = 2147483647;
			files = (
			);
			inputFileListPaths = (
				"${PODS_ROOT}/Target Support Files/Pods-BinanceChainKitDemo/Pods-BinanceChainKitDemo-frameworks-${CONFIGURATION}-input-files.xcfilelist",
			);
			name = "[CP] Embed Pods Frameworks";
			outputFileListPaths = (
				"${PODS_ROOT}/Target Support Files/Pods-BinanceChainKitDemo/Pods-BinanceChainKitDemo-frameworks-${CONFIGURATION}-output-files.xcfilelist",
			);
			runOnlyForDeploymentPostprocessing = 0;
			shellPath = /bin/sh;
			shellScript = "\"${PODS_ROOT}/Target Support Files/Pods-BinanceChainKitDemo/Pods-BinanceChainKitDemo-frameworks.sh\"\n";
			showEnvVarsInLog = 0;
		};
/* End PBXShellScriptBuildPhase section */

/* Begin PBXSourcesBuildPhase section */
		D01E2F8622EEE84C001B98B8 /* Sources */ = {
			isa = PBXSourcesBuildPhase;
			buildActionMask = 2147483647;
			files = (
				D0AA7CE022F0047C00B7D69E /* BalanceController.swift in Sources */,
				D0AA7CDE22F0047C00B7D69E /* Configuration.swift in Sources */,
				D01E2F9022EEE84C001B98B8 /* ViewController.swift in Sources */,
				D0AA7CE222F0047C00B7D69E /* TransactionCell.swift in Sources */,
				D0AA7CE822F0047C00B7D69E /* MainController.swift in Sources */,
				D0AA7CE522F0047C00B7D69E /* ReceiveController.swift in Sources */,
				D0AA7CED22F0047C00B7D69E /* Signal.swift in Sources */,
				D0AA7CEE22F0047C00B7D69E /* BinanceChainAdapter.swift in Sources */,
				D0AA7CEA22F0047C00B7D69E /* SendController.swift in Sources */,
				D0AA7CEC22F0047C00B7D69E /* Manager.swift in Sources */,
				D0AA7CE922F0047C00B7D69E /* TransactionsController.swift in Sources */,
				D0AA7CE722F0047C00B7D69E /* LoginController.swift in Sources */,
				D0AA7CE322F0047C00B7D69E /* BalanceCell.swift in Sources */,
				D01E2F8E22EEE84C001B98B8 /* AppDelegate.swift in Sources */,
				2FA5D46E650525818999F3AF /* TransactionRecord.swift in Sources */,
			);
			runOnlyForDeploymentPostprocessing = 0;
		};
/* End PBXSourcesBuildPhase section */

/* Begin PBXVariantGroup section */
		D01E2F9622EEE84C001B98B8 /* LaunchScreen.storyboard */ = {
			isa = PBXVariantGroup;
			children = (
				D01E2F9722EEE84C001B98B8 /* Base */,
			);
			name = LaunchScreen.storyboard;
			sourceTree = "<group>";
		};
/* End PBXVariantGroup section */

/* Begin XCBuildConfiguration section */
		D01E2F9A22EEE84C001B98B8 /* Debug */ = {
			isa = XCBuildConfiguration;
			buildSettings = {
				ALWAYS_SEARCH_USER_PATHS = NO;
				CLANG_ANALYZER_NONNULL = YES;
				CLANG_ANALYZER_NUMBER_OBJECT_CONVERSION = YES_AGGRESSIVE;
				CLANG_CXX_LANGUAGE_STANDARD = "gnu++14";
				CLANG_CXX_LIBRARY = "libc++";
				CLANG_ENABLE_MODULES = YES;
				CLANG_ENABLE_OBJC_ARC = YES;
				CLANG_ENABLE_OBJC_WEAK = YES;
				CLANG_WARN_BLOCK_CAPTURE_AUTORELEASING = YES;
				CLANG_WARN_BOOL_CONVERSION = YES;
				CLANG_WARN_COMMA = YES;
				CLANG_WARN_CONSTANT_CONVERSION = YES;
				CLANG_WARN_DEPRECATED_OBJC_IMPLEMENTATIONS = YES;
				CLANG_WARN_DIRECT_OBJC_ISA_USAGE = YES_ERROR;
				CLANG_WARN_DOCUMENTATION_COMMENTS = YES;
				CLANG_WARN_EMPTY_BODY = YES;
				CLANG_WARN_ENUM_CONVERSION = YES;
				CLANG_WARN_INFINITE_RECURSION = YES;
				CLANG_WARN_INT_CONVERSION = YES;
				CLANG_WARN_NON_LITERAL_NULL_CONVERSION = YES;
				CLANG_WARN_OBJC_IMPLICIT_RETAIN_SELF = YES;
				CLANG_WARN_OBJC_LITERAL_CONVERSION = YES;
				CLANG_WARN_OBJC_ROOT_CLASS = YES_ERROR;
				CLANG_WARN_RANGE_LOOP_ANALYSIS = YES;
				CLANG_WARN_STRICT_PROTOTYPES = YES;
				CLANG_WARN_SUSPICIOUS_MOVE = YES;
				CLANG_WARN_UNGUARDED_AVAILABILITY = YES_AGGRESSIVE;
				CLANG_WARN_UNREACHABLE_CODE = YES;
				CLANG_WARN__DUPLICATE_METHOD_MATCH = YES;
				CODE_SIGN_IDENTITY = "iPhone Developer";
				COPY_PHASE_STRIP = NO;
				DEBUG_INFORMATION_FORMAT = dwarf;
				ENABLE_STRICT_OBJC_MSGSEND = YES;
				ENABLE_TESTABILITY = YES;
				GCC_C_LANGUAGE_STANDARD = gnu11;
				GCC_DYNAMIC_NO_PIC = NO;
				GCC_NO_COMMON_BLOCKS = YES;
				GCC_OPTIMIZATION_LEVEL = 0;
				GCC_PREPROCESSOR_DEFINITIONS = (
					"DEBUG=1",
					"$(inherited)",
				);
				GCC_WARN_64_TO_32_BIT_CONVERSION = YES;
				GCC_WARN_ABOUT_RETURN_TYPE = YES_ERROR;
				GCC_WARN_UNDECLARED_SELECTOR = YES;
				GCC_WARN_UNINITIALIZED_AUTOS = YES_AGGRESSIVE;
				GCC_WARN_UNUSED_FUNCTION = YES;
				GCC_WARN_UNUSED_VARIABLE = YES;
				IPHONEOS_DEPLOYMENT_TARGET = 12.4;
				MTL_ENABLE_DEBUG_INFO = INCLUDE_SOURCE;
				MTL_FAST_MATH = YES;
				ONLY_ACTIVE_ARCH = YES;
				SDKROOT = iphoneos;
				SWIFT_ACTIVE_COMPILATION_CONDITIONS = DEBUG;
				SWIFT_OPTIMIZATION_LEVEL = "-Onone";
			};
			name = Debug;
		};
		D01E2F9B22EEE84C001B98B8 /* Release */ = {
			isa = XCBuildConfiguration;
			buildSettings = {
				ALWAYS_SEARCH_USER_PATHS = NO;
				CLANG_ANALYZER_NONNULL = YES;
				CLANG_ANALYZER_NUMBER_OBJECT_CONVERSION = YES_AGGRESSIVE;
				CLANG_CXX_LANGUAGE_STANDARD = "gnu++14";
				CLANG_CXX_LIBRARY = "libc++";
				CLANG_ENABLE_MODULES = YES;
				CLANG_ENABLE_OBJC_ARC = YES;
				CLANG_ENABLE_OBJC_WEAK = YES;
				CLANG_WARN_BLOCK_CAPTURE_AUTORELEASING = YES;
				CLANG_WARN_BOOL_CONVERSION = YES;
				CLANG_WARN_COMMA = YES;
				CLANG_WARN_CONSTANT_CONVERSION = YES;
				CLANG_WARN_DEPRECATED_OBJC_IMPLEMENTATIONS = YES;
				CLANG_WARN_DIRECT_OBJC_ISA_USAGE = YES_ERROR;
				CLANG_WARN_DOCUMENTATION_COMMENTS = YES;
				CLANG_WARN_EMPTY_BODY = YES;
				CLANG_WARN_ENUM_CONVERSION = YES;
				CLANG_WARN_INFINITE_RECURSION = YES;
				CLANG_WARN_INT_CONVERSION = YES;
				CLANG_WARN_NON_LITERAL_NULL_CONVERSION = YES;
				CLANG_WARN_OBJC_IMPLICIT_RETAIN_SELF = YES;
				CLANG_WARN_OBJC_LITERAL_CONVERSION = YES;
				CLANG_WARN_OBJC_ROOT_CLASS = YES_ERROR;
				CLANG_WARN_RANGE_LOOP_ANALYSIS = YES;
				CLANG_WARN_STRICT_PROTOTYPES = YES;
				CLANG_WARN_SUSPICIOUS_MOVE = YES;
				CLANG_WARN_UNGUARDED_AVAILABILITY = YES_AGGRESSIVE;
				CLANG_WARN_UNREACHABLE_CODE = YES;
				CLANG_WARN__DUPLICATE_METHOD_MATCH = YES;
				CODE_SIGN_IDENTITY = "iPhone Developer";
				COPY_PHASE_STRIP = NO;
				DEBUG_INFORMATION_FORMAT = "dwarf-with-dsym";
				ENABLE_NS_ASSERTIONS = NO;
				ENABLE_STRICT_OBJC_MSGSEND = YES;
				GCC_C_LANGUAGE_STANDARD = gnu11;
				GCC_NO_COMMON_BLOCKS = YES;
				GCC_WARN_64_TO_32_BIT_CONVERSION = YES;
				GCC_WARN_ABOUT_RETURN_TYPE = YES_ERROR;
				GCC_WARN_UNDECLARED_SELECTOR = YES;
				GCC_WARN_UNINITIALIZED_AUTOS = YES_AGGRESSIVE;
				GCC_WARN_UNUSED_FUNCTION = YES;
				GCC_WARN_UNUSED_VARIABLE = YES;
				IPHONEOS_DEPLOYMENT_TARGET = 12.4;
				MTL_ENABLE_DEBUG_INFO = NO;
				MTL_FAST_MATH = YES;
				SDKROOT = iphoneos;
				SWIFT_COMPILATION_MODE = wholemodule;
				SWIFT_OPTIMIZATION_LEVEL = "-O";
				VALIDATE_PRODUCT = YES;
			};
			name = Release;
		};
		D01E2F9D22EEE84C001B98B8 /* Debug */ = {
			isa = XCBuildConfiguration;
			baseConfigurationReference = 9D0FB13199CCAB783335BE76 /* Pods-BinanceChainKitDemo.debug.xcconfig */;
			buildSettings = {
				ASSETCATALOG_COMPILER_APPICON_NAME = AppIcon;
				CODE_SIGN_STYLE = Automatic;
				DEVELOPMENT_TEAM = HC4MCAXJ66;
				INFOPLIST_FILE = BinanceChainKitDemo/Info.plist;
				LD_RUNPATH_SEARCH_PATHS = (
					"$(inherited)",
					"@executable_path/Frameworks",
				);
				PRODUCT_BUNDLE_IDENTIFIER = io.horizontalsystems.BinanceChainKitDemo;
				PRODUCT_NAME = "$(TARGET_NAME)";
				SWIFT_VERSION = 5.0;
				TARGETED_DEVICE_FAMILY = "1,2";
			};
			name = Debug;
		};
		D01E2F9E22EEE84C001B98B8 /* Release */ = {
			isa = XCBuildConfiguration;
			baseConfigurationReference = DF5CD640D7B5DD16BA184006 /* Pods-BinanceChainKitDemo.release.xcconfig */;
			buildSettings = {
				ASSETCATALOG_COMPILER_APPICON_NAME = AppIcon;
				CODE_SIGN_STYLE = Automatic;
				DEVELOPMENT_TEAM = HC4MCAXJ66;
				INFOPLIST_FILE = BinanceChainKitDemo/Info.plist;
				LD_RUNPATH_SEARCH_PATHS = (
					"$(inherited)",
					"@executable_path/Frameworks",
				);
				PRODUCT_BUNDLE_IDENTIFIER = io.horizontalsystems.BinanceChainKitDemo;
				PRODUCT_NAME = "$(TARGET_NAME)";
				SWIFT_VERSION = 5.0;
				TARGETED_DEVICE_FAMILY = "1,2";
			};
			name = Release;
		};
/* End XCBuildConfiguration section */

/* Begin XCConfigurationList section */
		D01E2F8522EEE84C001B98B8 /* Build configuration list for PBXProject "BinanceChainKitDemo" */ = {
			isa = XCConfigurationList;
			buildConfigurations = (
				D01E2F9A22EEE84C001B98B8 /* Debug */,
				D01E2F9B22EEE84C001B98B8 /* Release */,
			);
			defaultConfigurationIsVisible = 0;
			defaultConfigurationName = Release;
		};
		D01E2F9C22EEE84C001B98B8 /* Build configuration list for PBXNativeTarget "BinanceChainKitDemo" */ = {
			isa = XCConfigurationList;
			buildConfigurations = (
				D01E2F9D22EEE84C001B98B8 /* Debug */,
				D01E2F9E22EEE84C001B98B8 /* Release */,
			);
			defaultConfigurationIsVisible = 0;
			defaultConfigurationName = Release;
		};
/* End XCConfigurationList section */
	};
	rootObject = D01E2F8222EEE84C001B98B8 /* Project object */;
}
