// !$*UTF8*$!
{
	archiveVersion = 1;
	classes = {
	};
	objectVersion = 46;
	objects = {

/* Begin PBXBuildFile section */
		607FACD61AFB9204008FA782 /* AppDelegate.swift in Sources */ = {isa = PBXBuildFile; fileRef = 607FACD51AFB9204008FA782 /* AppDelegate.swift */; };
		607FACEC1AFB9204008FA782 /* Tests.swift in Sources */ = {isa = PBXBuildFile; fileRef = 607FACEB1AFB9204008FA782 /* Tests.swift */; };
		6414E98E1ADF2C019812FAFA /* libPods-BinanceChainKitExample.a in Frameworks */ = {isa = PBXBuildFile; fileRef = E8B5F4DA7915C302037A970B /* libPods-BinanceChainKitExample.a */; };
		D36AAB2A23A257B60065B32B /* SendController.xib in Resources */ = {isa = PBXBuildFile; fileRef = D36AAB1323A257B60065B32B /* SendController.xib */; };
		D36AAB2B23A257B60065B32B /* BalanceController.swift in Sources */ = {isa = PBXBuildFile; fileRef = D36AAB1423A257B60065B32B /* BalanceController.swift */; };
		D36AAB2C23A257B60065B32B /* TransactionCell.xib in Resources */ = {isa = PBXBuildFile; fileRef = D36AAB1623A257B60065B32B /* TransactionCell.xib */; };
		D36AAB2D23A257B60065B32B /* TransactionCell.swift in Sources */ = {isa = PBXBuildFile; fileRef = D36AAB1723A257B60065B32B /* TransactionCell.swift */; };
		D36AAB2E23A257B60065B32B /* BalanceCell.swift in Sources */ = {isa = PBXBuildFile; fileRef = D36AAB1823A257B60065B32B /* BalanceCell.swift */; };
		D36AAB2F23A257B60065B32B /* BalanceCell.xib in Resources */ = {isa = PBXBuildFile; fileRef = D36AAB1923A257B60065B32B /* BalanceCell.xib */; };
		D36AAB3023A257B60065B32B /* ReceiveController.swift in Sources */ = {isa = PBXBuildFile; fileRef = D36AAB1A23A257B60065B32B /* ReceiveController.swift */; };
		D36AAB3123A257B60065B32B /* LoginController.xib in Resources */ = {isa = PBXBuildFile; fileRef = D36AAB1B23A257B60065B32B /* LoginController.xib */; };
		D36AAB3223A257B60065B32B /* LoginController.swift in Sources */ = {isa = PBXBuildFile; fileRef = D36AAB1C23A257B60065B32B /* LoginController.swift */; };
		D36AAB3323A257B60065B32B /* MainController.swift in Sources */ = {isa = PBXBuildFile; fileRef = D36AAB1D23A257B60065B32B /* MainController.swift */; };
		D36AAB3423A257B60065B32B /* TransactionsController.swift in Sources */ = {isa = PBXBuildFile; fileRef = D36AAB1E23A257B60065B32B /* TransactionsController.swift */; };
		D36AAB3523A257B60065B32B /* SendController.swift in Sources */ = {isa = PBXBuildFile; fileRef = D36AAB1F23A257B60065B32B /* SendController.swift */; };
		D36AAB3623A257B60065B32B /* ReceiveController.xib in Resources */ = {isa = PBXBuildFile; fileRef = D36AAB2023A257B60065B32B /* ReceiveController.xib */; };
		D36AAB3723A257B60065B32B /* Assets.xcassets in Resources */ = {isa = PBXBuildFile; fileRef = D36AAB2123A257B60065B32B /* Assets.xcassets */; };
		D36AAB3823A257B60065B32B /* LaunchScreen.xib in Resources */ = {isa = PBXBuildFile; fileRef = D36AAB2223A257B60065B32B /* LaunchScreen.xib */; };
		D36AAB3923A257B60065B32B /* Configuration.swift in Sources */ = {isa = PBXBuildFile; fileRef = D36AAB2323A257B60065B32B /* Configuration.swift */; };
		D36AAB3A23A257B60065B32B /* BinanceChainAdapter.swift in Sources */ = {isa = PBXBuildFile; fileRef = D36AAB2523A257B60065B32B /* BinanceChainAdapter.swift */; };
		D36AAB3B23A257B60065B32B /* Manager.swift in Sources */ = {isa = PBXBuildFile; fileRef = D36AAB2723A257B60065B32B /* Manager.swift */; };
		D36AAB3C23A257B60065B32B /* Signal.swift in Sources */ = {isa = PBXBuildFile; fileRef = D36AAB2823A257B60065B32B /* Signal.swift */; };
		D36AAB3D23A257B60065B32B /* TransactionRecord.swift in Sources */ = {isa = PBXBuildFile; fileRef = D36AAB2923A257B60065B32B /* TransactionRecord.swift */; };
		F83BB85853E7103C4EB9AB9F /* libPods-BinanceChainKitTests.a in Frameworks */ = {isa = PBXBuildFile; fileRef = C12FE9FB4F26A5E0519D587D /* libPods-BinanceChainKitTests.a */; };
/* End PBXBuildFile section */

/* Begin PBXContainerItemProxy section */
		607FACE61AFB9204008FA782 /* PBXContainerItemProxy */ = {
			isa = PBXContainerItemProxy;
			containerPortal = 607FACC81AFB9204008FA782 /* Project object */;
			proxyType = 1;
			remoteGlobalIDString = 607FACCF1AFB9204008FA782;
			remoteInfo = BinanceChainKit;
		};
/* End PBXContainerItemProxy section */

/* Begin PBXFileReference section */
		3F09A6CAE90457E0258E43DD /* BinanceChainKit.swift.podspec */ = {isa = PBXFileReference; includeInIndex = 1; lastKnownFileType = file.podspec; name = BinanceChainKit.swift.podspec; path = ../BinanceChainKit.swift.podspec; sourceTree = "<group>"; };
		4183767EF722E149B7701AF4 /* Pods-BinanceChainKit_Tests.debug.xcconfig */ = {isa = PBXFileReference; includeInIndex = 1; lastKnownFileType = text.xcconfig; name = "Pods-BinanceChainKit_Tests.debug.xcconfig"; path = "Target Support Files/Pods-BinanceChainKit_Tests/Pods-BinanceChainKit_Tests.debug.xcconfig"; sourceTree = "<group>"; };
		607FACD01AFB9204008FA782 /* BinanceChainKitExample.app */ = {isa = PBXFileReference; explicitFileType = wrapper.application; includeInIndex = 0; path = BinanceChainKitExample.app; sourceTree = BUILT_PRODUCTS_DIR; };
		607FACD41AFB9204008FA782 /* Info.plist */ = {isa = PBXFileReference; lastKnownFileType = text.plist.xml; path = Info.plist; sourceTree = "<group>"; };
		607FACD51AFB9204008FA782 /* AppDelegate.swift */ = {isa = PBXFileReference; lastKnownFileType = sourcecode.swift; path = AppDelegate.swift; sourceTree = "<group>"; };
		607FACE51AFB9204008FA782 /* BinanceChainKitTests.xctest */ = {isa = PBXFileReference; explicitFileType = wrapper.cfbundle; includeInIndex = 0; path = BinanceChainKitTests.xctest; sourceTree = BUILT_PRODUCTS_DIR; };
		607FACEA1AFB9204008FA782 /* Info.plist */ = {isa = PBXFileReference; lastKnownFileType = text.plist.xml; path = Info.plist; sourceTree = "<group>"; };
		607FACEB1AFB9204008FA782 /* Tests.swift */ = {isa = PBXFileReference; lastKnownFileType = sourcecode.swift; path = Tests.swift; sourceTree = "<group>"; };
		66760C7C111B16B513415370 /* Pods-BinanceChainKitTests.debug.xcconfig */ = {isa = PBXFileReference; includeInIndex = 1; lastKnownFileType = text.xcconfig; name = "Pods-BinanceChainKitTests.debug.xcconfig"; path = "Target Support Files/Pods-BinanceChainKitTests/Pods-BinanceChainKitTests.debug.xcconfig"; sourceTree = "<group>"; };
		75ED3D0DFEE14019973C979F /* Pods-BinanceChainKitExample.release.xcconfig */ = {isa = PBXFileReference; includeInIndex = 1; lastKnownFileType = text.xcconfig; name = "Pods-BinanceChainKitExample.release.xcconfig"; path = "Target Support Files/Pods-BinanceChainKitExample/Pods-BinanceChainKitExample.release.xcconfig"; sourceTree = "<group>"; };
		79C76E49ED8A1AF078C2881B /* Pods-BinanceChainKit_Example.release.xcconfig */ = {isa = PBXFileReference; includeInIndex = 1; lastKnownFileType = text.xcconfig; name = "Pods-BinanceChainKit_Example.release.xcconfig"; path = "Target Support Files/Pods-BinanceChainKit_Example/Pods-BinanceChainKit_Example.release.xcconfig"; sourceTree = "<group>"; };
		7D95D1B1BEC44C7C898CD6F4 /* LICENSE */ = {isa = PBXFileReference; includeInIndex = 1; lastKnownFileType = text; name = LICENSE; path = ../LICENSE; sourceTree = "<group>"; };
		89487D41D17FAE949190A2CD /* Pods-BinanceChainKitTests.release.xcconfig */ = {isa = PBXFileReference; includeInIndex = 1; lastKnownFileType = text.xcconfig; name = "Pods-BinanceChainKitTests.release.xcconfig"; path = "Target Support Files/Pods-BinanceChainKitTests/Pods-BinanceChainKitTests.release.xcconfig"; sourceTree = "<group>"; };
		914B33A160A3633E43EB49EE /* README.md */ = {isa = PBXFileReference; includeInIndex = 1; lastKnownFileType = net.daringfireball.markdown; name = README.md; path = ../README.md; sourceTree = "<group>"; };
		9B19CAEB02FEE01A68FF1472 /* Pods-BinanceChainKitExample.debug.xcconfig */ = {isa = PBXFileReference; includeInIndex = 1; lastKnownFileType = text.xcconfig; name = "Pods-BinanceChainKitExample.debug.xcconfig"; path = "Target Support Files/Pods-BinanceChainKitExample/Pods-BinanceChainKitExample.debug.xcconfig"; sourceTree = "<group>"; };
		A51EBA9E394B975AFD36AED0 /* Pods-BinanceChainKit_Example.debug.xcconfig */ = {isa = PBXFileReference; includeInIndex = 1; lastKnownFileType = text.xcconfig; name = "Pods-BinanceChainKit_Example.debug.xcconfig"; path = "Target Support Files/Pods-BinanceChainKit_Example/Pods-BinanceChainKit_Example.debug.xcconfig"; sourceTree = "<group>"; };
		B02CF5BBB6BBE3EF9FA49C18 /* Pods-BinanceChainKit_Tests.release.xcconfig */ = {isa = PBXFileReference; includeInIndex = 1; lastKnownFileType = text.xcconfig; name = "Pods-BinanceChainKit_Tests.release.xcconfig"; path = "Target Support Files/Pods-BinanceChainKit_Tests/Pods-BinanceChainKit_Tests.release.xcconfig"; sourceTree = "<group>"; };
		C12FE9FB4F26A5E0519D587D /* libPods-BinanceChainKitTests.a */ = {isa = PBXFileReference; explicitFileType = archive.ar; includeInIndex = 0; path = "libPods-BinanceChainKitTests.a"; sourceTree = BUILT_PRODUCTS_DIR; };
		D36AAB1323A257B60065B32B /* SendController.xib */ = {isa = PBXFileReference; fileEncoding = 4; lastKnownFileType = file.xib; path = SendController.xib; sourceTree = "<group>"; };
		D36AAB1423A257B60065B32B /* BalanceController.swift */ = {isa = PBXFileReference; fileEncoding = 4; lastKnownFileType = sourcecode.swift; path = BalanceController.swift; sourceTree = "<group>"; };
		D36AAB1623A257B60065B32B /* TransactionCell.xib */ = {isa = PBXFileReference; fileEncoding = 4; lastKnownFileType = file.xib; path = TransactionCell.xib; sourceTree = "<group>"; };
		D36AAB1723A257B60065B32B /* TransactionCell.swift */ = {isa = PBXFileReference; fileEncoding = 4; lastKnownFileType = sourcecode.swift; path = TransactionCell.swift; sourceTree = "<group>"; };
		D36AAB1823A257B60065B32B /* BalanceCell.swift */ = {isa = PBXFileReference; fileEncoding = 4; lastKnownFileType = sourcecode.swift; path = BalanceCell.swift; sourceTree = "<group>"; };
		D36AAB1923A257B60065B32B /* BalanceCell.xib */ = {isa = PBXFileReference; fileEncoding = 4; lastKnownFileType = file.xib; path = BalanceCell.xib; sourceTree = "<group>"; };
		D36AAB1A23A257B60065B32B /* ReceiveController.swift */ = {isa = PBXFileReference; fileEncoding = 4; lastKnownFileType = sourcecode.swift; path = ReceiveController.swift; sourceTree = "<group>"; };
		D36AAB1B23A257B60065B32B /* LoginController.xib */ = {isa = PBXFileReference; fileEncoding = 4; lastKnownFileType = file.xib; path = LoginController.xib; sourceTree = "<group>"; };
		D36AAB1C23A257B60065B32B /* LoginController.swift */ = {isa = PBXFileReference; fileEncoding = 4; lastKnownFileType = sourcecode.swift; path = LoginController.swift; sourceTree = "<group>"; };
		D36AAB1D23A257B60065B32B /* MainController.swift */ = {isa = PBXFileReference; fileEncoding = 4; lastKnownFileType = sourcecode.swift; path = MainController.swift; sourceTree = "<group>"; };
		D36AAB1E23A257B60065B32B /* TransactionsController.swift */ = {isa = PBXFileReference; fileEncoding = 4; lastKnownFileType = sourcecode.swift; path = TransactionsController.swift; sourceTree = "<group>"; };
		D36AAB1F23A257B60065B32B /* SendController.swift */ = {isa = PBXFileReference; fileEncoding = 4; lastKnownFileType = sourcecode.swift; path = SendController.swift; sourceTree = "<group>"; };
		D36AAB2023A257B60065B32B /* ReceiveController.xib */ = {isa = PBXFileReference; fileEncoding = 4; lastKnownFileType = file.xib; path = ReceiveController.xib; sourceTree = "<group>"; };
		D36AAB2123A257B60065B32B /* Assets.xcassets */ = {isa = PBXFileReference; lastKnownFileType = folder.assetcatalog; path = Assets.xcassets; sourceTree = "<group>"; };
		D36AAB2223A257B60065B32B /* LaunchScreen.xib */ = {isa = PBXFileReference; fileEncoding = 4; lastKnownFileType = file.xib; path = LaunchScreen.xib; sourceTree = "<group>"; };
		D36AAB2323A257B60065B32B /* Configuration.swift */ = {isa = PBXFileReference; fileEncoding = 4; lastKnownFileType = sourcecode.swift; path = Configuration.swift; sourceTree = "<group>"; };
		D36AAB2523A257B60065B32B /* BinanceChainAdapter.swift */ = {isa = PBXFileReference; fileEncoding = 4; lastKnownFileType = sourcecode.swift; path = BinanceChainAdapter.swift; sourceTree = "<group>"; };
		D36AAB2723A257B60065B32B /* Manager.swift */ = {isa = PBXFileReference; fileEncoding = 4; lastKnownFileType = sourcecode.swift; path = Manager.swift; sourceTree = "<group>"; };
		D36AAB2823A257B60065B32B /* Signal.swift */ = {isa = PBXFileReference; fileEncoding = 4; lastKnownFileType = sourcecode.swift; path = Signal.swift; sourceTree = "<group>"; };
		D36AAB2923A257B60065B32B /* TransactionRecord.swift */ = {isa = PBXFileReference; fileEncoding = 4; lastKnownFileType = sourcecode.swift; path = TransactionRecord.swift; sourceTree = "<group>"; };
		E8B5F4DA7915C302037A970B /* libPods-BinanceChainKitExample.a */ = {isa = PBXFileReference; explicitFileType = archive.ar; includeInIndex = 0; path = "libPods-BinanceChainKitExample.a"; sourceTree = BUILT_PRODUCTS_DIR; };
/* End PBXFileReference section */

/* Begin PBXFrameworksBuildPhase section */
		607FACCD1AFB9204008FA782 /* Frameworks */ = {
			isa = PBXFrameworksBuildPhase;
			buildActionMask = 2147483647;
			files = (
				6414E98E1ADF2C019812FAFA /* libPods-BinanceChainKitExample.a in Frameworks */,
			);
			runOnlyForDeploymentPostprocessing = 0;
		};
		607FACE21AFB9204008FA782 /* Frameworks */ = {
			isa = PBXFrameworksBuildPhase;
			buildActionMask = 2147483647;
			files = (
				F83BB85853E7103C4EB9AB9F /* libPods-BinanceChainKitTests.a in Frameworks */,
			);
			runOnlyForDeploymentPostprocessing = 0;
		};
/* End PBXFrameworksBuildPhase section */

/* Begin PBXGroup section */
		55A5702DB873C475D8FE3E0D /* Pods */ = {
			isa = PBXGroup;
			children = (
				A51EBA9E394B975AFD36AED0 /* Pods-BinanceChainKit_Example.debug.xcconfig */,
				79C76E49ED8A1AF078C2881B /* Pods-BinanceChainKit_Example.release.xcconfig */,
				4183767EF722E149B7701AF4 /* Pods-BinanceChainKit_Tests.debug.xcconfig */,
				B02CF5BBB6BBE3EF9FA49C18 /* Pods-BinanceChainKit_Tests.release.xcconfig */,
				9B19CAEB02FEE01A68FF1472 /* Pods-BinanceChainKitExample.debug.xcconfig */,
				75ED3D0DFEE14019973C979F /* Pods-BinanceChainKitExample.release.xcconfig */,
				66760C7C111B16B513415370 /* Pods-BinanceChainKitTests.debug.xcconfig */,
				89487D41D17FAE949190A2CD /* Pods-BinanceChainKitTests.release.xcconfig */,
			);
			path = Pods;
			sourceTree = "<group>";
		};
		607FACC71AFB9204008FA782 = {
			isa = PBXGroup;
			children = (
				607FACF51AFB993E008FA782 /* Podspec Metadata */,
				607FACD21AFB9204008FA782 /* Example for BinanceChainKit */,
				607FACE81AFB9204008FA782 /* Tests */,
				607FACD11AFB9204008FA782 /* Products */,
				55A5702DB873C475D8FE3E0D /* Pods */,
				EF10DCAF1556BAA3229B374F /* Frameworks */,
			);
			sourceTree = "<group>";
		};
		607FACD11AFB9204008FA782 /* Products */ = {
			isa = PBXGroup;
			children = (
				607FACD01AFB9204008FA782 /* BinanceChainKitExample.app */,
				607FACE51AFB9204008FA782 /* BinanceChainKitTests.xctest */,
			);
			name = Products;
			sourceTree = "<group>";
		};
		607FACD21AFB9204008FA782 /* Example for BinanceChainKit */ = {
			isa = PBXGroup;
			children = (
				D36AAB2623A257B60065B32B /* Core */,
				D36AAB2423A257B60065B32B /* Adapters */,
				D36AAB1223A257B60065B32B /* Controllers */,
				D36AAB2123A257B60065B32B /* Assets.xcassets */,
				607FACD51AFB9204008FA782 /* AppDelegate.swift */,
				D36AAB2323A257B60065B32B /* Configuration.swift */,
				D36AAB2223A257B60065B32B /* LaunchScreen.xib */,
				607FACD31AFB9204008FA782 /* Supporting Files */,
			);
			name = "Example for BinanceChainKit";
			path = BinanceChainKit;
			sourceTree = "<group>";
		};
		607FACD31AFB9204008FA782 /* Supporting Files */ = {
			isa = PBXGroup;
			children = (
				607FACD41AFB9204008FA782 /* Info.plist */,
			);
			name = "Supporting Files";
			sourceTree = "<group>";
		};
		607FACE81AFB9204008FA782 /* Tests */ = {
			isa = PBXGroup;
			children = (
				607FACEB1AFB9204008FA782 /* Tests.swift */,
				607FACE91AFB9204008FA782 /* Supporting Files */,
			);
			path = Tests;
			sourceTree = "<group>";
		};
		607FACE91AFB9204008FA782 /* Supporting Files */ = {
			isa = PBXGroup;
			children = (
				607FACEA1AFB9204008FA782 /* Info.plist */,
			);
			name = "Supporting Files";
			sourceTree = "<group>";
		};
		607FACF51AFB993E008FA782 /* Podspec Metadata */ = {
			isa = PBXGroup;
			children = (
				3F09A6CAE90457E0258E43DD /* BinanceChainKit.swift.podspec */,
				914B33A160A3633E43EB49EE /* README.md */,
				7D95D1B1BEC44C7C898CD6F4 /* LICENSE */,
			);
			name = "Podspec Metadata";
			sourceTree = "<group>";
		};
		D36AAB1223A257B60065B32B /* Controllers */ = {
			isa = PBXGroup;
			children = (
				D36AAB1323A257B60065B32B /* SendController.xib */,
				D36AAB1423A257B60065B32B /* BalanceController.swift */,
				D36AAB1523A257B60065B32B /* Cells */,
				D36AAB1A23A257B60065B32B /* ReceiveController.swift */,
				D36AAB1B23A257B60065B32B /* LoginController.xib */,
				D36AAB1C23A257B60065B32B /* LoginController.swift */,
				D36AAB1D23A257B60065B32B /* MainController.swift */,
				D36AAB1E23A257B60065B32B /* TransactionsController.swift */,
				D36AAB1F23A257B60065B32B /* SendController.swift */,
				D36AAB2023A257B60065B32B /* ReceiveController.xib */,
			);
			path = Controllers;
			sourceTree = "<group>";
		};
		D36AAB1523A257B60065B32B /* Cells */ = {
			isa = PBXGroup;
			children = (
				D36AAB1623A257B60065B32B /* TransactionCell.xib */,
				D36AAB1723A257B60065B32B /* TransactionCell.swift */,
				D36AAB1823A257B60065B32B /* BalanceCell.swift */,
				D36AAB1923A257B60065B32B /* BalanceCell.xib */,
			);
			path = Cells;
			sourceTree = "<group>";
		};
		D36AAB2423A257B60065B32B /* Adapters */ = {
			isa = PBXGroup;
			children = (
				D36AAB2523A257B60065B32B /* BinanceChainAdapter.swift */,
			);
			path = Adapters;
			sourceTree = "<group>";
		};
		D36AAB2623A257B60065B32B /* Core */ = {
			isa = PBXGroup;
			children = (
				D36AAB2723A257B60065B32B /* Manager.swift */,
				D36AAB2823A257B60065B32B /* Signal.swift */,
				D36AAB2923A257B60065B32B /* TransactionRecord.swift */,
			);
			path = Core;
			sourceTree = "<group>";
		};
		EF10DCAF1556BAA3229B374F /* Frameworks */ = {
			isa = PBXGroup;
			children = (
				E8B5F4DA7915C302037A970B /* libPods-BinanceChainKitExample.a */,
				C12FE9FB4F26A5E0519D587D /* libPods-BinanceChainKitTests.a */,
			);
			name = Frameworks;
			sourceTree = "<group>";
		};
/* End PBXGroup section */

/* Begin PBXNativeTarget section */
		607FACCF1AFB9204008FA782 /* BinanceChainKitExample */ = {
			isa = PBXNativeTarget;
			buildConfigurationList = 607FACEF1AFB9204008FA782 /* Build configuration list for PBXNativeTarget "BinanceChainKitExample" */;
			buildPhases = (
				F68518ACD5C4698A7A888BDD /* [CP] Check Pods Manifest.lock */,
				607FACCC1AFB9204008FA782 /* Sources */,
				607FACCD1AFB9204008FA782 /* Frameworks */,
				607FACCE1AFB9204008FA782 /* Resources */,
			);
			buildRules = (
			);
			dependencies = (
			);
			name = BinanceChainKitExample;
			productName = BinanceChainKit;
			productReference = 607FACD01AFB9204008FA782 /* BinanceChainKitExample.app */;
			productType = "com.apple.product-type.application";
		};
		607FACE41AFB9204008FA782 /* BinanceChainKitTests */ = {
			isa = PBXNativeTarget;
			buildConfigurationList = 607FACF21AFB9204008FA782 /* Build configuration list for PBXNativeTarget "BinanceChainKitTests" */;
			buildPhases = (
				DA3278BE2F326703DD569182 /* [CP] Check Pods Manifest.lock */,
				607FACE11AFB9204008FA782 /* Sources */,
				607FACE21AFB9204008FA782 /* Frameworks */,
				607FACE31AFB9204008FA782 /* Resources */,
			);
			buildRules = (
			);
			dependencies = (
				607FACE71AFB9204008FA782 /* PBXTargetDependency */,
			);
			name = BinanceChainKitTests;
			productName = Tests;
			productReference = 607FACE51AFB9204008FA782 /* BinanceChainKitTests.xctest */;
			productType = "com.apple.product-type.bundle.unit-test";
		};
/* End PBXNativeTarget section */

/* Begin PBXProject section */
		607FACC81AFB9204008FA782 /* Project object */ = {
			isa = PBXProject;
			attributes = {
				LastSwiftUpdateCheck = 0830;
				LastUpgradeCheck = 0830;
				ORGANIZATIONNAME = CocoaPods;
				TargetAttributes = {
					607FACCF1AFB9204008FA782 = {
						CreatedOnToolsVersion = 6.3.1;
						DevelopmentTeam = HC4MCAXJ66;
						LastSwiftMigration = 0900;
					};
					607FACE41AFB9204008FA782 = {
						CreatedOnToolsVersion = 6.3.1;
						DevelopmentTeam = HC4MCAXJ66;
						LastSwiftMigration = 0900;
					};
				};
			};
			buildConfigurationList = 607FACCB1AFB9204008FA782 /* Build configuration list for PBXProject "BinanceChainKit" */;
			compatibilityVersion = "Xcode 3.2";
			developmentRegion = English;
			hasScannedForEncodings = 0;
			knownRegions = (
				English,
				en,
				Base,
			);
			mainGroup = 607FACC71AFB9204008FA782;
			productRefGroup = 607FACD11AFB9204008FA782 /* Products */;
			projectDirPath = "";
			projectRoot = "";
			targets = (
				607FACCF1AFB9204008FA782 /* BinanceChainKitExample */,
				607FACE41AFB9204008FA782 /* BinanceChainKitTests */,
			);
		};
/* End PBXProject section */

/* Begin PBXResourcesBuildPhase section */
		607FACCE1AFB9204008FA782 /* Resources */ = {
			isa = PBXResourcesBuildPhase;
			buildActionMask = 2147483647;
			files = (
				D36AAB2F23A257B60065B32B /* BalanceCell.xib in Resources */,
				D36AAB3123A257B60065B32B /* LoginController.xib in Resources */,
				D36AAB2C23A257B60065B32B /* TransactionCell.xib in Resources */,
				D36AAB3823A257B60065B32B /* LaunchScreen.xib in Resources */,
				D36AAB2A23A257B60065B32B /* SendController.xib in Resources */,
				D36AAB3723A257B60065B32B /* Assets.xcassets in Resources */,
				D36AAB3623A257B60065B32B /* ReceiveController.xib in Resources */,
			);
			runOnlyForDeploymentPostprocessing = 0;
		};
		607FACE31AFB9204008FA782 /* Resources */ = {
			isa = PBXResourcesBuildPhase;
			buildActionMask = 2147483647;
			files = (
			);
			runOnlyForDeploymentPostprocessing = 0;
		};
/* End PBXResourcesBuildPhase section */

/* Begin PBXShellScriptBuildPhase section */
		DA3278BE2F326703DD569182 /* [CP] Check Pods Manifest.lock */ = {
			isa = PBXShellScriptBuildPhase;
			buildActionMask = 2147483647;
			files = (
			);
			inputFileListPaths = (
			);
			inputPaths = (
				"${PODS_PODFILE_DIR_PATH}/Podfile.lock",
				"${PODS_ROOT}/Manifest.lock",
			);
			name = "[CP] Check Pods Manifest.lock";
			outputFileListPaths = (
			);
			outputPaths = (
				"$(DERIVED_FILE_DIR)/Pods-BinanceChainKitTests-checkManifestLockResult.txt",
			);
			runOnlyForDeploymentPostprocessing = 0;
			shellPath = /bin/sh;
			shellScript = "diff \"${PODS_PODFILE_DIR_PATH}/Podfile.lock\" \"${PODS_ROOT}/Manifest.lock\" > /dev/null\nif [ $? != 0 ] ; then\n    # print error to STDERR\n    echo \"error: The sandbox is not in sync with the Podfile.lock. Run 'pod install' or update your CocoaPods installation.\" >&2\n    exit 1\nfi\n# This output is used by Xcode 'outputs' to avoid re-running this script phase.\necho \"SUCCESS\" > \"${SCRIPT_OUTPUT_FILE_0}\"\n";
			showEnvVarsInLog = 0;
		};
		F68518ACD5C4698A7A888BDD /* [CP] Check Pods Manifest.lock */ = {
			isa = PBXShellScriptBuildPhase;
			buildActionMask = 2147483647;
			files = (
			);
			inputFileListPaths = (
			);
			inputPaths = (
				"${PODS_PODFILE_DIR_PATH}/Podfile.lock",
				"${PODS_ROOT}/Manifest.lock",
			);
			name = "[CP] Check Pods Manifest.lock";
			outputFileListPaths = (
			);
			outputPaths = (
				"$(DERIVED_FILE_DIR)/Pods-BinanceChainKitExample-checkManifestLockResult.txt",
			);
			runOnlyForDeploymentPostprocessing = 0;
			shellPath = /bin/sh;
			shellScript = "diff \"${PODS_PODFILE_DIR_PATH}/Podfile.lock\" \"${PODS_ROOT}/Manifest.lock\" > /dev/null\nif [ $? != 0 ] ; then\n    # print error to STDERR\n    echo \"error: The sandbox is not in sync with the Podfile.lock. Run 'pod install' or update your CocoaPods installation.\" >&2\n    exit 1\nfi\n# This output is used by Xcode 'outputs' to avoid re-running this script phase.\necho \"SUCCESS\" > \"${SCRIPT_OUTPUT_FILE_0}\"\n";
			showEnvVarsInLog = 0;
		};
/* End PBXShellScriptBuildPhase section */

/* Begin PBXSourcesBuildPhase section */
		607FACCC1AFB9204008FA782 /* Sources */ = {
			isa = PBXSourcesBuildPhase;
			buildActionMask = 2147483647;
			files = (
				D36AAB3523A257B60065B32B /* SendController.swift in Sources */,
				D36AAB2B23A257B60065B32B /* BalanceController.swift in Sources */,
				D36AAB3323A257B60065B32B /* MainController.swift in Sources */,
				D36AAB3223A257B60065B32B /* LoginController.swift in Sources */,
				D36AAB3A23A257B60065B32B /* BinanceChainAdapter.swift in Sources */,
				607FACD61AFB9204008FA782 /* AppDelegate.swift in Sources */,
				D36AAB3C23A257B60065B32B /* Signal.swift in Sources */,
				D36AAB3423A257B60065B32B /* TransactionsController.swift in Sources */,
				D36AAB3B23A257B60065B32B /* Manager.swift in Sources */,
				D36AAB3D23A257B60065B32B /* TransactionRecord.swift in Sources */,
				D36AAB3923A257B60065B32B /* Configuration.swift in Sources */,
				D36AAB3023A257B60065B32B /* ReceiveController.swift in Sources */,
				D36AAB2E23A257B60065B32B /* BalanceCell.swift in Sources */,
				D36AAB2D23A257B60065B32B /* TransactionCell.swift in Sources */,
			);
			runOnlyForDeploymentPostprocessing = 0;
		};
		607FACE11AFB9204008FA782 /* Sources */ = {
			isa = PBXSourcesBuildPhase;
			buildActionMask = 2147483647;
			files = (
				607FACEC1AFB9204008FA782 /* Tests.swift in Sources */,
			);
			runOnlyForDeploymentPostprocessing = 0;
		};
/* End PBXSourcesBuildPhase section */

/* Begin PBXTargetDependency section */
		607FACE71AFB9204008FA782 /* PBXTargetDependency */ = {
			isa = PBXTargetDependency;
			target = 607FACCF1AFB9204008FA782 /* BinanceChainKitExample */;
			targetProxy = 607FACE61AFB9204008FA782 /* PBXContainerItemProxy */;
		};
/* End PBXTargetDependency section */

/* Begin XCBuildConfiguration section */
		607FACED1AFB9204008FA782 /* Debug */ = {
			isa = XCBuildConfiguration;
			buildSettings = {
				ALWAYS_SEARCH_USER_PATHS = NO;
				CLANG_CXX_LANGUAGE_STANDARD = "gnu++0x";
				CLANG_CXX_LIBRARY = "libc++";
				CLANG_ENABLE_MODULES = YES;
				CLANG_ENABLE_OBJC_ARC = YES;
				CLANG_WARN_BLOCK_CAPTURE_AUTORELEASING = YES;
				CLANG_WARN_BOOL_CONVERSION = YES;
				CLANG_WARN_COMMA = YES;
				CLANG_WARN_CONSTANT_CONVERSION = YES;
				CLANG_WARN_DIRECT_OBJC_ISA_USAGE = YES_ERROR;
				CLANG_WARN_EMPTY_BODY = YES;
				CLANG_WARN_ENUM_CONVERSION = YES;
				CLANG_WARN_INFINITE_RECURSION = YES;
				CLANG_WARN_INT_CONVERSION = YES;
				CLANG_WARN_NON_LITERAL_NULL_CONVERSION = YES;
				CLANG_WARN_OBJC_LITERAL_CONVERSION = YES;
				CLANG_WARN_OBJC_ROOT_CLASS = YES_ERROR;
				CLANG_WARN_RANGE_LOOP_ANALYSIS = YES;
				CLANG_WARN_STRICT_PROTOTYPES = YES;
				CLANG_WARN_SUSPICIOUS_MOVE = YES;
				CLANG_WARN_UNREACHABLE_CODE = YES;
				CLANG_WARN__DUPLICATE_METHOD_MATCH = YES;
				"CODE_SIGN_IDENTITY[sdk=iphoneos*]" = "iPhone Developer";
				COPY_PHASE_STRIP = NO;
				DEBUG_INFORMATION_FORMAT = "dwarf-with-dsym";
				ENABLE_STRICT_OBJC_MSGSEND = YES;
				ENABLE_TESTABILITY = YES;
				GCC_C_LANGUAGE_STANDARD = gnu99;
				GCC_DYNAMIC_NO_PIC = NO;
				GCC_NO_COMMON_BLOCKS = YES;
				GCC_OPTIMIZATION_LEVEL = 0;
				GCC_PREPROCESSOR_DEFINITIONS = (
					"DEBUG=1",
					"$(inherited)",
				);
				GCC_SYMBOLS_PRIVATE_EXTERN = NO;
				GCC_WARN_64_TO_32_BIT_CONVERSION = YES;
				GCC_WARN_ABOUT_RETURN_TYPE = YES_ERROR;
				GCC_WARN_UNDECLARED_SELECTOR = YES;
				GCC_WARN_UNINITIALIZED_AUTOS = YES_AGGRESSIVE;
				GCC_WARN_UNUSED_FUNCTION = YES;
				GCC_WARN_UNUSED_VARIABLE = YES;
				IPHONEOS_DEPLOYMENT_TARGET = 11.0;
				MTL_ENABLE_DEBUG_INFO = YES;
				ONLY_ACTIVE_ARCH = YES;
				SDKROOT = iphoneos;
				SWIFT_OPTIMIZATION_LEVEL = "-Onone";
			};
			name = Debug;
		};
		607FACEE1AFB9204008FA782 /* Release */ = {
			isa = XCBuildConfiguration;
			buildSettings = {
				ALWAYS_SEARCH_USER_PATHS = NO;
				CLANG_CXX_LANGUAGE_STANDARD = "gnu++0x";
				CLANG_CXX_LIBRARY = "libc++";
				CLANG_ENABLE_MODULES = YES;
				CLANG_ENABLE_OBJC_ARC = YES;
				CLANG_WARN_BLOCK_CAPTURE_AUTORELEASING = YES;
				CLANG_WARN_BOOL_CONVERSION = YES;
				CLANG_WARN_COMMA = YES;
				CLANG_WARN_CONSTANT_CONVERSION = YES;
				CLANG_WARN_DIRECT_OBJC_ISA_USAGE = YES_ERROR;
				CLANG_WARN_EMPTY_BODY = YES;
				CLANG_WARN_ENUM_CONVERSION = YES;
				CLANG_WARN_INFINITE_RECURSION = YES;
				CLANG_WARN_INT_CONVERSION = YES;
				CLANG_WARN_NON_LITERAL_NULL_CONVERSION = YES;
				CLANG_WARN_OBJC_LITERAL_CONVERSION = YES;
				CLANG_WARN_OBJC_ROOT_CLASS = YES_ERROR;
				CLANG_WARN_RANGE_LOOP_ANALYSIS = YES;
				CLANG_WARN_STRICT_PROTOTYPES = YES;
				CLANG_WARN_SUSPICIOUS_MOVE = YES;
				CLANG_WARN_UNREACHABLE_CODE = YES;
				CLANG_WARN__DUPLICATE_METHOD_MATCH = YES;
				"CODE_SIGN_IDENTITY[sdk=iphoneos*]" = "iPhone Developer";
				COPY_PHASE_STRIP = NO;
				DEBUG_INFORMATION_FORMAT = "dwarf-with-dsym";
				ENABLE_NS_ASSERTIONS = NO;
				ENABLE_STRICT_OBJC_MSGSEND = YES;
				GCC_C_LANGUAGE_STANDARD = gnu99;
				GCC_NO_COMMON_BLOCKS = YES;
				GCC_WARN_64_TO_32_BIT_CONVERSION = YES;
				GCC_WARN_ABOUT_RETURN_TYPE = YES_ERROR;
				GCC_WARN_UNDECLARED_SELECTOR = YES;
				GCC_WARN_UNINITIALIZED_AUTOS = YES_AGGRESSIVE;
				GCC_WARN_UNUSED_FUNCTION = YES;
				GCC_WARN_UNUSED_VARIABLE = YES;
				IPHONEOS_DEPLOYMENT_TARGET = 11.0;
				MTL_ENABLE_DEBUG_INFO = NO;
				SDKROOT = iphoneos;
				SWIFT_OPTIMIZATION_LEVEL = "-Owholemodule";
				VALIDATE_PRODUCT = YES;
			};
			name = Release;
		};
		607FACF01AFB9204008FA782 /* Debug */ = {
			isa = XCBuildConfiguration;
			baseConfigurationReference = 9B19CAEB02FEE01A68FF1472 /* Pods-BinanceChainKitExample.debug.xcconfig */;
			buildSettings = {
				ASSETCATALOG_COMPILER_APPICON_NAME = AppIcon;
				DEVELOPMENT_TEAM = HC4MCAXJ66;
				INFOPLIST_FILE = BinanceChainKit/Info.plist;
				LD_RUNPATH_SEARCH_PATHS = "$(inherited) @executable_path/Frameworks";
				MODULE_NAME = ExampleApp;
				PRODUCT_BUNDLE_IDENTIFIER = "org.cocoapods.demo.$(PRODUCT_NAME:rfc1034identifier)";
				PRODUCT_NAME = "$(TARGET_NAME)";
				SWIFT_SWIFT3_OBJC_INFERENCE = Default;
				SWIFT_VERSION = 5.0;
			};
			name = Debug;
		};
		607FACF11AFB9204008FA782 /* Release */ = {
			isa = XCBuildConfiguration;
			baseConfigurationReference = 75ED3D0DFEE14019973C979F /* Pods-BinanceChainKitExample.release.xcconfig */;
			buildSettings = {
				ASSETCATALOG_COMPILER_APPICON_NAME = AppIcon;
				DEVELOPMENT_TEAM = HC4MCAXJ66;
				INFOPLIST_FILE = BinanceChainKit/Info.plist;
				LD_RUNPATH_SEARCH_PATHS = "$(inherited) @executable_path/Frameworks";
				MODULE_NAME = ExampleApp;
				PRODUCT_BUNDLE_IDENTIFIER = "org.cocoapods.demo.$(PRODUCT_NAME:rfc1034identifier)";
				PRODUCT_NAME = "$(TARGET_NAME)";
				SWIFT_SWIFT3_OBJC_INFERENCE = Default;
				SWIFT_VERSION = 5.0;
			};
			name = Release;
		};
		607FACF31AFB9204008FA782 /* Debug */ = {
			isa = XCBuildConfiguration;
			baseConfigurationReference = 66760C7C111B16B513415370 /* Pods-BinanceChainKitTests.debug.xcconfig */;
			buildSettings = {
				DEVELOPMENT_TEAM = HC4MCAXJ66;
				FRAMEWORK_SEARCH_PATHS = (
					"$(PLATFORM_DIR)/Developer/Library/Frameworks",
					"$(inherited)",
				);
				GCC_PREPROCESSOR_DEFINITIONS = (
					"DEBUG=1",
					"$(inherited)",
				);
				INFOPLIST_FILE = Tests/Info.plist;
				LD_RUNPATH_SEARCH_PATHS = "$(inherited) @executable_path/Frameworks @loader_path/Frameworks";
				PRODUCT_BUNDLE_IDENTIFIER = "org.cocoapods.$(PRODUCT_NAME:rfc1034identifier)";
				PRODUCT_NAME = "$(TARGET_NAME)";
				SWIFT_SWIFT3_OBJC_INFERENCE = Default;
				SWIFT_VERSION = 5.0;
			};
			name = Debug;
		};
		607FACF41AFB9204008FA782 /* Release */ = {
			isa = XCBuildConfiguration;
			baseConfigurationReference = 89487D41D17FAE949190A2CD /* Pods-BinanceChainKitTests.release.xcconfig */;
			buildSettings = {
				DEVELOPMENT_TEAM = HC4MCAXJ66;
				FRAMEWORK_SEARCH_PATHS = (
					"$(PLATFORM_DIR)/Developer/Library/Frameworks",
					"$(inherited)",
				);
				INFOPLIST_FILE = Tests/Info.plist;
				LD_RUNPATH_SEARCH_PATHS = "$(inherited) @executable_path/Frameworks @loader_path/Frameworks";
				PRODUCT_BUNDLE_IDENTIFIER = "org.cocoapods.$(PRODUCT_NAME:rfc1034identifier)";
				PRODUCT_NAME = "$(TARGET_NAME)";
				SWIFT_SWIFT3_OBJC_INFERENCE = Default;
				SWIFT_VERSION = 5.0;
			};
			name = Release;
		};
/* End XCBuildConfiguration section */

/* Begin XCConfigurationList section */
		607FACCB1AFB9204008FA782 /* Build configuration list for PBXProject "BinanceChainKit" */ = {
			isa = XCConfigurationList;
			buildConfigurations = (
				607FACED1AFB9204008FA782 /* Debug */,
				607FACEE1AFB9204008FA782 /* Release */,
			);
			defaultConfigurationIsVisible = 0;
			defaultConfigurationName = Release;
		};
		607FACEF1AFB9204008FA782 /* Build configuration list for PBXNativeTarget "BinanceChainKitExample" */ = {
			isa = XCConfigurationList;
			buildConfigurations = (
				607FACF01AFB9204008FA782 /* Debug */,
				607FACF11AFB9204008FA782 /* Release */,
			);
			defaultConfigurationIsVisible = 0;
			defaultConfigurationName = Release;
		};
		607FACF21AFB9204008FA782 /* Build configuration list for PBXNativeTarget "BinanceChainKitTests" */ = {
			isa = XCConfigurationList;
			buildConfigurations = (
				607FACF31AFB9204008FA782 /* Debug */,
				607FACF41AFB9204008FA782 /* Release */,
			);
			defaultConfigurationIsVisible = 0;
			defaultConfigurationName = Release;
		};
/* End XCConfigurationList section */
	};
	rootObject = 607FACC81AFB9204008FA782 /* Project object */;
}
